
Microsoft Visual Studio Solution File, Format Version 12.00
# Visual Studio Version 17
VisualStudioVersion = 17.0.31912.275
MinimumVisualStudioVersion = 10.0.40219.1
Project("{FAE04EC0-301F-11D3-BF4B-00C04F79EFBC}") = "CraftsApp", "CraftsApp\CraftsApp.csproj", "{383A15A7-FE42-40D8-9CDD-16D30A4352B6}"
EndProject
Global
	GlobalSection(SolutionConfigurationPlatforms) = preSolution
		Debug|Any CPU = Debug|Any CPU
		Release|Any CPU = Release|Any CPU
	EndGlobalSection
	GlobalSection(ProjectConfigurationPlatforms) = postSolution
		{383A15A7-FE42-40D8-9CDD-16D30A4352B6}.Debug|Any CPU.ActiveCfg = Debug|Any CPU
		{383A15A7-FE42-40D8-9CDD-16D30A4352B6}.Debug|Any CPU.Build.0 = Debug|Any CPU
		{383A15A7-FE42-40D8-9CDD-16D30A4352B6}.Release|Any CPU.ActiveCfg = Release|Any CPU
		{383A15A7-FE42-40D8-9CDD-16D30A4352B6}.Release|Any CPU.Build.0 = Release|Any CPU
	EndGlobalSection
	GlobalSection(SolutionProperties) = preSolution
		HideSolutionNode = FALSE
	EndGlobalSection
	GlobalSection(ExtensibilityGlobals) = postSolution
		SolutionGuid = {4DB10B22-B565-4F00-BEB3-FFCFB634C8E2}
	EndGlobalSection
EndGlobal
