
Microsoft Visual Studio Solution File, Format Version 12.00
# Visual Studio Version 16
VisualStudioVersion = 16.0.31515.178
MinimumVisualStudioVersion = 10.0.40219.1
Project("{FAE04EC0-301F-11D3-BF4B-00C04F79EFBC}") = "NewCalculator", "NewCalculator\NewCalculator.csproj", "{AF841047-1C59-4649-B022-D5F8E972F8AC}"
EndProject
Global
	GlobalSection(SolutionConfigurationPlatforms) = preSolution
		Debug|Any CPU = Debug|Any CPU
		Release|Any CPU = Release|Any CPU
	EndGlobalSection
	GlobalSection(ProjectConfigurationPlatforms) = postSolution
		{AF841047-1C59-4649-B022-D5F8E972F8AC}.Debug|Any CPU.ActiveCfg = Debug|Any CPU
		{AF841047-1C59-4649-B022-D5F8E972F8AC}.Debug|Any CPU.Build.0 = Debug|Any CPU
		{AF841047-1C59-4649-B022-D5F8E972F8AC}.Release|Any CPU.ActiveCfg = Release|Any CPU
		{AF841047-1C59-4649-B022-D5F8E972F8AC}.Release|Any CPU.Build.0 = Release|Any CPU
	EndGlobalSection
	GlobalSection(SolutionProperties) = preSolution
		HideSolutionNode = FALSE
	EndGlobalSection
	GlobalSection(ExtensibilityGlobals) = postSolution
		SolutionGuid = {665EFE92-4E0F-457C-B4ED-8F0AD5777434}
	EndGlobalSection
EndGlobal
