
Microsoft Visual Studio Solution File, Format Version 12.00
# Visual Studio Version 16
VisualStudioVersion = 16.0.31613.86
MinimumVisualStudioVersion = 10.0.40219.1
Project("{FAE04EC0-301F-11D3-BF4B-00C04F79EFBC}") = "TickTacToe", "TickTacToe\TickTacToe.csproj", "{21282A17-CEF5-41F8-A60E-86D7DFB8BF5A}"
EndProject
Global
	GlobalSection(SolutionConfigurationPlatforms) = preSolution
		Debug|Any CPU = Debug|Any CPU
		Release|Any CPU = Release|Any CPU
	EndGlobalSection
	GlobalSection(ProjectConfigurationPlatforms) = postSolution
		{21282A17-CEF5-41F8-A60E-86D7DFB8BF5A}.Debug|Any CPU.ActiveCfg = Debug|Any CPU
		{21282A17-CEF5-41F8-A60E-86D7DFB8BF5A}.Debug|Any CPU.Build.0 = Debug|Any CPU
		{21282A17-CEF5-41F8-A60E-86D7DFB8BF5A}.Release|Any CPU.ActiveCfg = Release|Any CPU
		{21282A17-CEF5-41F8-A60E-86D7DFB8BF5A}.Release|Any CPU.Build.0 = Release|Any CPU
	EndGlobalSection
	GlobalSection(SolutionProperties) = preSolution
		HideSolutionNode = FALSE
	EndGlobalSection
	GlobalSection(ExtensibilityGlobals) = postSolution
		SolutionGuid = {92A44AF4-310F-4458-9383-BBD5CD02D68C}
	EndGlobalSection
EndGlobal
